{
  "version": 4,
  "terraform_version": "0.12.12",
  "serial": 6,
  "lineage": "e8dc20ae-855c-73e9-ec86-c68471426b41",
  "outputs": {},
  "resources": [
    {
      "mode": "managed",
      "type": "google_container_cluster",
      "name": "primary",
      "provider": "provider.google",
      "instances": [
        {
          "schema_version": 1,
          "attributes": {
            "additional_zones": [
              "us-central1-a",
              "us-central1-b",
              "us-central1-c"
            ],
            "addons_config": [
              {
                "horizontal_pod_autoscaling": [],
                "http_load_balancing": [],
                "kubernetes_dashboard": [
                  {
                    "disabled": true
                  }
                ],
                "network_policy_config": [
                  {
                    "disabled": true
                  }
                ]
              }
            ],
            "cluster_autoscaling": [],
            "cluster_ipv4_cidr": "10.16.0.0/14",
            "default_max_pods_per_node": 110,
            "description": "",
            "enable_binary_authorization": null,
            "enable_intranode_visibility": null,
            "enable_kubernetes_alpha": false,
            "enable_legacy_abac": false,
            "enable_tpu": null,
            "endpoint": "104.197.16.248",
            "id": "my-gke-cluster",
            "initial_node_count": 1,
            "instance_group_urls": [
              "https://www.googleapis.com/compute/v1/projects/turnkey-science-250806/zones/us-central1-c/instanceGroups/gke-my-gke-cluster-my-node-pool-8785dd37-grp",
              "https://www.googleapis.com/compute/v1/projects/turnkey-science-250806/zones/us-central1-a/instanceGroups/gke-my-gke-cluster-my-node-pool-99263dee-grp",
              "https://www.googleapis.com/compute/v1/projects/turnkey-science-250806/zones/us-central1-b/instanceGroups/gke-my-gke-cluster-my-node-pool-a3828336-grp"
            ],
            "ip_allocation_policy": [],
            "location": "us-central1",
            "logging_service": "logging.googleapis.com",
            "maintenance_policy": [],
            "master_auth": [
              {
                "client_certificate": "",
                "client_certificate_config": [
                  {
                    "issue_client_certificate": false
                  }
                ],
                "client_key": "",
                "cluster_ca_certificate": "LS0tLS1CRUdJTiBDRVJUSUZJQ0FURS0tLS0tCk1JSURDekNDQWZPZ0F3SUJBZ0lRRWF6aDVZOGlrdFBoQW9kU0FVeEpyREFOQmdrcWhraUc5dzBCQVFzRkFEQXYKTVMwd0t3WURWUVFERXlSaVpEZ3pZV05rWlMwME1HTTRMVFF4TWpndFlqQmtPUzAzTVRNeU9EQTNZMlJtTUdZdwpIaGNOTVRreE1ESTNNREl6T0RNM1doY05NalF4TURJMU1ETXpPRE0zV2pBdk1TMHdLd1lEVlFRREV5UmlaRGd6CllXTmtaUzAwTUdNNExUUXhNamd0WWpCa09TMDNNVE15T0RBM1kyUm1NR1l3Z2dFaU1BMEdDU3FHU0liM0RRRUIKQVFVQUE0SUJEd0F3Z2dFS0FvSUJBUUNqZC92d29DeDhudC9mMTBDVVRIaHdzYm9TdWN2UWlLb0lXdFZjT2h6SAphUTh6UHhFUFJ1dXNkdmtCcXB1SVdMZzRBU1NIMFFFY1JPZDZqOWtjcFROL1RpUWdKU1Erc2ZmWWNKa2VacU9ICk1XY1pEaWRXemloREc1ZmlyMjRCZjNPM0tlUzFLcVE5KzFmVm93SHBNSVQ2RzNKaG1VUHJWRVNOOGVXSVNIZWsKMzNzUEl6b0E1YmJxMm5aakx0cDZDc1FmdzhKbktVdi9JZC9FVFFvRDNsNy9JSXY2N25wNk04YmVpcHZ5d1hwUQoyOThEdVlSTEJhaDFiSkFJTGxvaVk5WHl6VkN0YXI3N3JwK1FXMWdNdERMdXgzNDBndDRVblprNWx6VTJsU0VzClp3Y3BYbDB0c3RaT2VNcU05K1M0SHd3SWgyNXBTd1c3WHdGc1FMWkhaYlFOQWdNQkFBR2pJekFoTUE0R0ExVWQKRHdFQi93UUVBd0lDQkRBUEJnTlZIUk1CQWY4RUJUQURBUUgvTUEwR0NTcUdTSWIzRFFFQkN3VUFBNElCQVFDVApQanI2d0FwZVJ2WFRVQ1RtMmdtMlBlNUsybE1PRDFiMVZERmgrRzNOMms0Wi8wMHEwaVZ0SHpXbmFnYjVBVi9OCjZlMkRTZDhUazdXTG9oUE5jQWo5cUZSMnhHWXEzbFNrWmlGcmJ3ZW5UYTFUbjNHaXMwNGFPUnkxdWRnUm1VSm4KOGNHUkV4SU9Od3NyV3ZZTmcwaVNCemRVNFIwQ1lQcmFJT3pYYTQ5SEF1cDFHeEZidzQ5aUJJQjYyRStZSEhIeAo4YklzMzFWRGVXRGdQNDFyZGJObmwwMlJBMkR1Tzk4TzJUZHVweFlkQ1JJN2tCR012ZWhIYlE5TFhPRDZOcjcrCmhsMnUvd25KUEZGVW1uL3ZQM1BGN1lUY1NEait1eXZ3RklsbWwxWUxMeEs1TGlTS3VqNGhNTmRWK0dxenJPckEKL1lvSUR1bzBVMTJXdTBwampQakkKLS0tLS1FTkQgQ0VSVElGSUNBVEUtLS0tLQo=",
                "password": "",
                "username": ""
              }
            ],
            "master_authorized_networks_config": [],
            "master_version": "1.13.10-gke.0",
            "min_master_version": null,
            "monitoring_service": "monitoring.googleapis.com",
            "name": "my-gke-cluster",
            "network": "projects/turnkey-science-250806/global/networks/default",
            "network_policy": [
              {
                "enabled": false,
                "provider": "PROVIDER_UNSPECIFIED"
              }
            ],
            "node_config": [
              {
                "disk_size_gb": 100,
                "disk_type": "pd-standard",
                "guest_accelerator": [],
                "image_type": "COS",
                "labels": {},
                "local_ssd_count": 0,
                "machine_type": "f1-micro",
                "metadata": {
                  "disable-legacy-endpoints": "true"
                },
                "min_cpu_platform": "",
                "oauth_scopes": [
                  "https://www.googleapis.com/auth/logging.write",
                  "https://www.googleapis.com/auth/monitoring"
                ],
                "preemptible": true,
                "sandbox_config": [],
                "service_account": "default",
                "shielded_instance_config": [
                  {
                    "enable_integrity_monitoring": true,
                    "enable_secure_boot": false
                  }
                ],
                "tags": [],
                "taint": [],
                "workload_metadata_config": []
              }
            ],
            "node_locations": [
              "us-central1-a",
              "us-central1-b",
              "us-central1-c"
            ],
            "node_pool": [
              {
                "autoscaling": [],
                "initial_node_count": 2,
                "instance_group_urls": [
                  "https://www.googleapis.com/compute/v1/projects/turnkey-science-250806/zones/us-central1-c/instanceGroupManagers/gke-my-gke-cluster-my-node-pool-8785dd37-grp",
                  "https://www.googleapis.com/compute/v1/projects/turnkey-science-250806/zones/us-central1-a/instanceGroupManagers/gke-my-gke-cluster-my-node-pool-99263dee-grp",
                  "https://www.googleapis.com/compute/v1/projects/turnkey-science-250806/zones/us-central1-b/instanceGroupManagers/gke-my-gke-cluster-my-node-pool-a3828336-grp"
                ],
                "management": [
                  {
                    "auto_repair": false,
                    "auto_upgrade": false
                  }
                ],
                "max_pods_per_node": 0,
                "name": "my-node-pool",
                "name_prefix": "",
                "node_config": [
                  {
                    "disk_size_gb": 100,
                    "disk_type": "pd-standard",
                    "guest_accelerator": [],
                    "image_type": "COS",
                    "labels": {},
                    "local_ssd_count": 0,
                    "machine_type": "f1-micro",
                    "metadata": {
                      "disable-legacy-endpoints": "true"
                    },
                    "min_cpu_platform": "",
                    "oauth_scopes": [
                      "https://www.googleapis.com/auth/logging.write",
                      "https://www.googleapis.com/auth/monitoring"
                    ],
                    "preemptible": true,
                    "sandbox_config": [],
                    "service_account": "default",
                    "shielded_instance_config": [
                      {
                        "enable_integrity_monitoring": true,
                        "enable_secure_boot": false
                      }
                    ],
                    "tags": [],
                    "taint": [],
                    "workload_metadata_config": []
                  }
                ],
                "node_count": 2,
                "version": "1.13.10-gke.0"
              }
            ],
            "node_version": "1.13.10-gke.0",
            "pod_security_policy_config": [],
            "private_cluster_config": [],
            "project": "turnkey-science-250806",
            "region": "us-central1",
            "remove_default_node_pool": true,
            "resource_labels": {},
            "services_ipv4_cidr": "10.19.240.0/20",
            "subnetwork": "projects/turnkey-science-250806/regions/us-central1/subnetworks/default",
            "timeouts": null,
            "zone": null
          },
          "private": "eyJlMmJmYjczMC1lY2FhLTExZTYtOGY4OC0zNDM2M2JjN2M0YzAiOnsiY3JlYXRlIjoxODAwMDAwMDAwMDAwLCJkZWxldGUiOjE4MDAwMDAwMDAwMDAsInVwZGF0ZSI6MzYwMDAwMDAwMDAwMH0sInNjaGVtYV92ZXJzaW9uIjoiMSJ9"
        }
      ]
    },
    {
      "mode": "managed",
      "type": "google_container_node_pool",
      "name": "primary_preemptible_nodes",
      "provider": "provider.google",
      "instances": [
        {
          "schema_version": 1,
          "attributes": {
            "autoscaling": [],
            "cluster": "my-gke-cluster",
            "id": "us-central1/my-gke-cluster/my-node-pool",
            "initial_node_count": 2,
            "instance_group_urls": [
              "https://www.googleapis.com/compute/v1/projects/turnkey-science-250806/zones/us-central1-c/instanceGroupManagers/gke-my-gke-cluster-my-node-pool-8785dd37-grp",
              "https://www.googleapis.com/compute/v1/projects/turnkey-science-250806/zones/us-central1-a/instanceGroupManagers/gke-my-gke-cluster-my-node-pool-99263dee-grp",
              "https://www.googleapis.com/compute/v1/projects/turnkey-science-250806/zones/us-central1-b/instanceGroupManagers/gke-my-gke-cluster-my-node-pool-a3828336-grp"
            ],
            "location": "us-central1",
            "management": [
              {
                "auto_repair": false,
                "auto_upgrade": false
              }
            ],
            "max_pods_per_node": null,
            "name": "my-node-pool",
            "name_prefix": "",
            "node_config": [
              {
                "disk_size_gb": 100,
                "disk_type": "pd-standard",
                "guest_accelerator": [],
                "image_type": "COS",
                "labels": {},
                "local_ssd_count": 0,
                "machine_type": "f1-micro",
                "metadata": {
                  "disable-legacy-endpoints": "true"
                },
                "min_cpu_platform": "",
                "oauth_scopes": [
                  "https://www.googleapis.com/auth/logging.write",
                  "https://www.googleapis.com/auth/monitoring"
                ],
                "preemptible": true,
                "sandbox_config": [],
                "service_account": "default",
                "shielded_instance_config": [
                  {
                    "enable_integrity_monitoring": true,
                    "enable_secure_boot": false
                  }
                ],
                "tags": [],
                "taint": [],
                "workload_metadata_config": []
              }
            ],
            "node_count": 2,
            "project": "turnkey-science-250806",
            "region": "us-central1",
            "timeouts": null,
            "version": "1.13.10-gke.0",
            "zone": null
          }
        }
      ]
    }
  ]
}
